
Microsoft Visual Studio Solution File, Format Version 12.00
# Visual Studio Version 16
VisualStudioVersion = 16.0.30011.22
MinimumVisualStudioVersion = 10.0.40219.1
Project("{9A19103F-16F7-4668-BE54-9A1E7A4F7556}") = "KinoCentar.API", "KinoCentar.API\KinoCentar.API.csproj", "{6C388561-7C5B-42D6-BEF7-2BF0234C84CE}"
EndProject
Project("{2150E333-8FDC-42A3-9474-1A3956D46DE8}") = "KinoCentar.UI", "KinoCentar.UI", "{90BBE640-8BAA-450A-9E38-991488F34D28}"
EndProject
Project("{FAE04EC0-301F-11D3-BF4B-00C04F79EFBC}") = "KinoCentar.WinUI", "KinoCentar.WinUI\KinoCentar.WinUI.csproj", "{7AA1B672-5A8C-4B56-BA42-735394FDE214}"
EndProject
Project("{2150E333-8FDC-42A3-9474-1A3956D46DE8}") = "Mobile", "Mobile", "{C0A4C377-3C13-4285-AE62-6C187A5699A6}"
EndProject
Project("{9A19103F-16F7-4668-BE54-9A1E7A4F7556}") = "KinoCentar.Shared", "KinoCentar.Shared\KinoCentar.Shared.csproj", "{B76080B5-B747-4128-89A0-3C935F43DF30}"
EndProject
Project("{FAE04EC0-301F-11D3-BF4B-00C04F79EFBC}") = "KinoCentar.Mobile.UWP", "KinoCentar.Mobile\KinoCentar.Mobile.UWP\KinoCentar.Mobile.UWP.csproj", "{D3D19BD7-954A-4390-BC77-5D7B96328C41}"
EndProject
Project("{FAE04EC0-301F-11D3-BF4B-00C04F79EFBC}") = "KinoCentar.Mobile.Android", "KinoCentar.Mobile\KinoCentar.Mobile.Android\KinoCentar.Mobile.Android.csproj", "{2F464E74-FF85-4E47-A0BF-FD1B4B25A3FE}"
EndProject
Project("{FAE04EC0-301F-11D3-BF4B-00C04F79EFBC}") = "KinoCentar.Mobile.iOS", "KinoCentar.Mobile\KinoCentar.Mobile.iOS\KinoCentar.Mobile.iOS.csproj", "{8E38F330-4CA2-4C8D-AD60-A30F2A3EC9D8}"
EndProject
Project("{FAE04EC0-301F-11D3-BF4B-00C04F79EFBC}") = "KinoCentar.Mobile", "KinoCentar.Mobile\KinoCentar.Mobile\KinoCentar.Mobile.csproj", "{5AA98ED0-A6FE-4771-82B9-A49FAEC240E5}"
EndProject
Global
	GlobalSection(SolutionConfigurationPlatforms) = preSolution
		Debug|Any CPU = Debug|Any CPU
		Debug|ARM = Debug|ARM
		Debug|iPhone = Debug|iPhone
		Debug|iPhoneSimulator = Debug|iPhoneSimulator
		Debug|x64 = Debug|x64
		Debug|x86 = Debug|x86
		Release|Any CPU = Release|Any CPU
		Release|ARM = Release|ARM
		Release|iPhone = Release|iPhone
		Release|iPhoneSimulator = Release|iPhoneSimulator
		Release|x64 = Release|x64
		Release|x86 = Release|x86
	EndGlobalSection
	GlobalSection(ProjectConfigurationPlatforms) = postSolution
		{6C388561-7C5B-42D6-BEF7-2BF0234C84CE}.Debug|Any CPU.ActiveCfg = Debug|Any CPU
		{6C388561-7C5B-42D6-BEF7-2BF0234C84CE}.Debug|Any CPU.Build.0 = Debug|Any CPU
		{6C388561-7C5B-42D6-BEF7-2BF0234C84CE}.Debug|ARM.ActiveCfg = Debug|Any CPU
		{6C388561-7C5B-42D6-BEF7-2BF0234C84CE}.Debug|ARM.Build.0 = Debug|Any CPU
		{6C388561-7C5B-42D6-BEF7-2BF0234C84CE}.Debug|iPhone.ActiveCfg = Debug|Any CPU
		{6C388561-7C5B-42D6-BEF7-2BF0234C84CE}.Debug|iPhone.Build.0 = Debug|Any CPU
		{6C388561-7C5B-42D6-BEF7-2BF0234C84CE}.Debug|iPhoneSimulator.ActiveCfg = Debug|Any CPU
		{6C388561-7C5B-42D6-BEF7-2BF0234C84CE}.Debug|iPhoneSimulator.Build.0 = Debug|Any CPU
		{6C388561-7C5B-42D6-BEF7-2BF0234C84CE}.Debug|x64.ActiveCfg = Debug|Any CPU
		{6C388561-7C5B-42D6-BEF7-2BF0234C84CE}.Debug|x64.Build.0 = Debug|Any CPU
		{6C388561-7C5B-42D6-BEF7-2BF0234C84CE}.Debug|x86.ActiveCfg = Debug|Any CPU
		{6C388561-7C5B-42D6-BEF7-2BF0234C84CE}.Debug|x86.Build.0 = Debug|Any CPU
		{6C388561-7C5B-42D6-BEF7-2BF0234C84CE}.Release|Any CPU.ActiveCfg = Release|Any CPU
		{6C388561-7C5B-42D6-BEF7-2BF0234C84CE}.Release|Any CPU.Build.0 = Release|Any CPU
		{6C388561-7C5B-42D6-BEF7-2BF0234C84CE}.Release|ARM.ActiveCfg = Release|Any CPU
		{6C388561-7C5B-42D6-BEF7-2BF0234C84CE}.Release|ARM.Build.0 = Release|Any CPU
		{6C388561-7C5B-42D6-BEF7-2BF0234C84CE}.Release|iPhone.ActiveCfg = Release|Any CPU
		{6C388561-7C5B-42D6-BEF7-2BF0234C84CE}.Release|iPhone.Build.0 = Release|Any CPU
		{6C388561-7C5B-42D6-BEF7-2BF0234C84CE}.Release|iPhoneSimulator.ActiveCfg = Release|Any CPU
		{6C388561-7C5B-42D6-BEF7-2BF0234C84CE}.Release|iPhoneSimulator.Build.0 = Release|Any CPU
		{6C388561-7C5B-42D6-BEF7-2BF0234C84CE}.Release|x64.ActiveCfg = Release|Any CPU
		{6C388561-7C5B-42D6-BEF7-2BF0234C84CE}.Release|x64.Build.0 = Release|Any CPU
		{6C388561-7C5B-42D6-BEF7-2BF0234C84CE}.Release|x86.ActiveCfg = Release|Any CPU
		{6C388561-7C5B-42D6-BEF7-2BF0234C84CE}.Release|x86.Build.0 = Release|Any CPU
		{7AA1B672-5A8C-4B56-BA42-735394FDE214}.Debug|Any CPU.ActiveCfg = Debug|Any CPU
		{7AA1B672-5A8C-4B56-BA42-735394FDE214}.Debug|Any CPU.Build.0 = Debug|Any CPU
		{7AA1B672-5A8C-4B56-BA42-735394FDE214}.Debug|ARM.ActiveCfg = Debug|Any CPU
		{7AA1B672-5A8C-4B56-BA42-735394FDE214}.Debug|ARM.Build.0 = Debug|Any CPU
		{7AA1B672-5A8C-4B56-BA42-735394FDE214}.Debug|iPhone.ActiveCfg = Debug|Any CPU
		{7AA1B672-5A8C-4B56-BA42-735394FDE214}.Debug|iPhone.Build.0 = Debug|Any CPU
		{7AA1B672-5A8C-4B56-BA42-735394FDE214}.Debug|iPhoneSimulator.ActiveCfg = Debug|Any CPU
		{7AA1B672-5A8C-4B56-BA42-735394FDE214}.Debug|iPhoneSimulator.Build.0 = Debug|Any CPU
		{7AA1B672-5A8C-4B56-BA42-735394FDE214}.Debug|x64.ActiveCfg = Debug|Any CPU
		{7AA1B672-5A8C-4B56-BA42-735394FDE214}.Debug|x64.Build.0 = Debug|Any CPU
		{7AA1B672-5A8C-4B56-BA42-735394FDE214}.Debug|x86.ActiveCfg = Debug|Any CPU
		{7AA1B672-5A8C-4B56-BA42-735394FDE214}.Debug|x86.Build.0 = Debug|Any CPU
		{7AA1B672-5A8C-4B56-BA42-735394FDE214}.Release|Any CPU.ActiveCfg = Release|Any CPU
		{7AA1B672-5A8C-4B56-BA42-735394FDE214}.Release|Any CPU.Build.0 = Release|Any CPU
		{7AA1B672-5A8C-4B56-BA42-735394FDE214}.Release|ARM.ActiveCfg = Release|Any CPU
		{7AA1B672-5A8C-4B56-BA42-735394FDE214}.Release|ARM.Build.0 = Release|Any CPU
		{7AA1B672-5A8C-4B56-BA42-735394FDE214}.Release|iPhone.ActiveCfg = Release|Any CPU
		{7AA1B672-5A8C-4B56-BA42-735394FDE214}.Release|iPhone.Build.0 = Release|Any CPU
		{7AA1B672-5A8C-4B56-BA42-735394FDE214}.Release|iPhoneSimulator.ActiveCfg = Release|Any CPU
		{7AA1B672-5A8C-4B56-BA42-735394FDE214}.Release|iPhoneSimulator.Build.0 = Release|Any CPU
		{7AA1B672-5A8C-4B56-BA42-735394FDE214}.Release|x64.ActiveCfg = Release|Any CPU
		{7AA1B672-5A8C-4B56-BA42-735394FDE214}.Release|x64.Build.0 = Release|Any CPU
		{7AA1B672-5A8C-4B56-BA42-735394FDE214}.Release|x86.ActiveCfg = Release|Any CPU
		{7AA1B672-5A8C-4B56-BA42-735394FDE214}.Release|x86.Build.0 = Release|Any CPU
		{B76080B5-B747-4128-89A0-3C935F43DF30}.Debug|Any CPU.ActiveCfg = Debug|Any CPU
		{B76080B5-B747-4128-89A0-3C935F43DF30}.Debug|Any CPU.Build.0 = Debug|Any CPU
		{B76080B5-B747-4128-89A0-3C935F43DF30}.Debug|ARM.ActiveCfg = Debug|Any CPU
		{B76080B5-B747-4128-89A0-3C935F43DF30}.Debug|ARM.Build.0 = Debug|Any CPU
		{B76080B5-B747-4128-89A0-3C935F43DF30}.Debug|iPhone.ActiveCfg = Debug|Any CPU
		{B76080B5-B747-4128-89A0-3C935F43DF30}.Debug|iPhone.Build.0 = Debug|Any CPU
		{B76080B5-B747-4128-89A0-3C935F43DF30}.Debug|iPhoneSimulator.ActiveCfg = Debug|Any CPU
		{B76080B5-B747-4128-89A0-3C935F43DF30}.Debug|iPhoneSimulator.Build.0 = Debug|Any CPU
		{B76080B5-B747-4128-89A0-3C935F43DF30}.Debug|x64.ActiveCfg = Debug|Any CPU
		{B76080B5-B747-4128-89A0-3C935F43DF30}.Debug|x64.Build.0 = Debug|Any CPU
		{B76080B5-B747-4128-89A0-3C935F43DF30}.Debug|x86.ActiveCfg = Debug|Any CPU
		{B76080B5-B747-4128-89A0-3C935F43DF30}.Debug|x86.Build.0 = Debug|Any CPU
		{B76080B5-B747-4128-89A0-3C935F43DF30}.Release|Any CPU.ActiveCfg = Release|Any CPU
		{B76080B5-B747-4128-89A0-3C935F43DF30}.Release|Any CPU.Build.0 = Release|Any CPU
		{B76080B5-B747-4128-89A0-3C935F43DF30}.Release|ARM.ActiveCfg = Release|Any CPU
		{B76080B5-B747-4128-89A0-3C935F43DF30}.Release|ARM.Build.0 = Release|Any CPU
		{B76080B5-B747-4128-89A0-3C935F43DF30}.Release|iPhone.ActiveCfg = Release|Any CPU
		{B76080B5-B747-4128-89A0-3C935F43DF30}.Release|iPhone.Build.0 = Release|Any CPU
		{B76080B5-B747-4128-89A0-3C935F43DF30}.Release|iPhoneSimulator.ActiveCfg = Release|Any CPU
		{B76080B5-B747-4128-89A0-3C935F43DF30}.Release|iPhoneSimulator.Build.0 = Release|Any CPU
		{B76080B5-B747-4128-89A0-3C935F43DF30}.Release|x64.ActiveCfg = Release|Any CPU
		{B76080B5-B747-4128-89A0-3C935F43DF30}.Release|x64.Build.0 = Release|Any CPU
		{B76080B5-B747-4128-89A0-3C935F43DF30}.Release|x86.ActiveCfg = Release|Any CPU
		{B76080B5-B747-4128-89A0-3C935F43DF30}.Release|x86.Build.0 = Release|Any CPU
		{D3D19BD7-954A-4390-BC77-5D7B96328C41}.Debug|Any CPU.ActiveCfg = Debug|x86
		{D3D19BD7-954A-4390-BC77-5D7B96328C41}.Debug|ARM.ActiveCfg = Debug|ARM
		{D3D19BD7-954A-4390-BC77-5D7B96328C41}.Debug|ARM.Build.0 = Debug|ARM
		{D3D19BD7-954A-4390-BC77-5D7B96328C41}.Debug|ARM.Deploy.0 = Debug|ARM
		{D3D19BD7-954A-4390-BC77-5D7B96328C41}.Debug|iPhone.ActiveCfg = Debug|x86
		{D3D19BD7-954A-4390-BC77-5D7B96328C41}.Debug|iPhoneSimulator.ActiveCfg = Debug|x86
		{D3D19BD7-954A-4390-BC77-5D7B96328C41}.Debug|x64.ActiveCfg = Debug|x64
		{D3D19BD7-954A-4390-BC77-5D7B96328C41}.Debug|x64.Build.0 = Debug|x64
		{D3D19BD7-954A-4390-BC77-5D7B96328C41}.Debug|x64.Deploy.0 = Debug|x64
		{D3D19BD7-954A-4390-BC77-5D7B96328C41}.Debug|x86.ActiveCfg = Debug|x86
		{D3D19BD7-954A-4390-BC77-5D7B96328C41}.Debug|x86.Build.0 = Debug|x86
		{D3D19BD7-954A-4390-BC77-5D7B96328C41}.Debug|x86.Deploy.0 = Debug|x86
		{D3D19BD7-954A-4390-BC77-5D7B96328C41}.Release|Any CPU.ActiveCfg = Release|x86
		{D3D19BD7-954A-4390-BC77-5D7B96328C41}.Release|ARM.ActiveCfg = Release|ARM
		{D3D19BD7-954A-4390-BC77-5D7B96328C41}.Release|ARM.Build.0 = Release|ARM
		{D3D19BD7-954A-4390-BC77-5D7B96328C41}.Release|ARM.Deploy.0 = Release|ARM
		{D3D19BD7-954A-4390-BC77-5D7B96328C41}.Release|iPhone.ActiveCfg = Release|x86
		{D3D19BD7-954A-4390-BC77-5D7B96328C41}.Release|iPhoneSimulator.ActiveCfg = Release|x86
		{D3D19BD7-954A-4390-BC77-5D7B96328C41}.Release|x64.ActiveCfg = Release|x64
		{D3D19BD7-954A-4390-BC77-5D7B96328C41}.Release|x64.Build.0 = Release|x64
		{D3D19BD7-954A-4390-BC77-5D7B96328C41}.Release|x64.Deploy.0 = Release|x64
		{D3D19BD7-954A-4390-BC77-5D7B96328C41}.Release|x86.ActiveCfg = Release|x86
		{D3D19BD7-954A-4390-BC77-5D7B96328C41}.Release|x86.Build.0 = Release|x86
		{D3D19BD7-954A-4390-BC77-5D7B96328C41}.Release|x86.Deploy.0 = Release|x86
		{2F464E74-FF85-4E47-A0BF-FD1B4B25A3FE}.Debug|Any CPU.ActiveCfg = Debug|Any CPU
		{2F464E74-FF85-4E47-A0BF-FD1B4B25A3FE}.Debug|Any CPU.Build.0 = Debug|Any CPU
		{2F464E74-FF85-4E47-A0BF-FD1B4B25A3FE}.Debug|Any CPU.Deploy.0 = Debug|Any CPU
		{2F464E74-FF85-4E47-A0BF-FD1B4B25A3FE}.Debug|ARM.ActiveCfg = Debug|Any CPU
		{2F464E74-FF85-4E47-A0BF-FD1B4B25A3FE}.Debug|ARM.Build.0 = Debug|Any CPU
		{2F464E74-FF85-4E47-A0BF-FD1B4B25A3FE}.Debug|ARM.Deploy.0 = Debug|Any CPU
		{2F464E74-FF85-4E47-A0BF-FD1B4B25A3FE}.Debug|iPhone.ActiveCfg = Debug|Any CPU
		{2F464E74-FF85-4E47-A0BF-FD1B4B25A3FE}.Debug|iPhone.Build.0 = Debug|Any CPU
		{2F464E74-FF85-4E47-A0BF-FD1B4B25A3FE}.Debug|iPhone.Deploy.0 = Debug|Any CPU
		{2F464E74-FF85-4E47-A0BF-FD1B4B25A3FE}.Debug|iPhoneSimulator.ActiveCfg = Debug|Any CPU
		{2F464E74-FF85-4E47-A0BF-FD1B4B25A3FE}.Debug|iPhoneSimulator.Build.0 = Debug|Any CPU
		{2F464E74-FF85-4E47-A0BF-FD1B4B25A3FE}.Debug|iPhoneSimulator.Deploy.0 = Debug|Any CPU
		{2F464E74-FF85-4E47-A0BF-FD1B4B25A3FE}.Debug|x64.ActiveCfg = Debug|Any CPU
		{2F464E74-FF85-4E47-A0BF-FD1B4B25A3FE}.Debug|x64.Build.0 = Debug|Any CPU
		{2F464E74-FF85-4E47-A0BF-FD1B4B25A3FE}.Debug|x64.Deploy.0 = Debug|Any CPU
		{2F464E74-FF85-4E47-A0BF-FD1B4B25A3FE}.Debug|x86.ActiveCfg = Debug|Any CPU
		{2F464E74-FF85-4E47-A0BF-FD1B4B25A3FE}.Debug|x86.Build.0 = Debug|Any CPU
		{2F464E74-FF85-4E47-A0BF-FD1B4B25A3FE}.Debug|x86.Deploy.0 = Debug|Any CPU
		{2F464E74-FF85-4E47-A0BF-FD1B4B25A3FE}.Release|Any CPU.ActiveCfg = Release|Any CPU
		{2F464E74-FF85-4E47-A0BF-FD1B4B25A3FE}.Release|Any CPU.Build.0 = Release|Any CPU
		{2F464E74-FF85-4E47-A0BF-FD1B4B25A3FE}.Release|Any CPU.Deploy.0 = Release|Any CPU
		{2F464E74-FF85-4E47-A0BF-FD1B4B25A3FE}.Release|ARM.ActiveCfg = Release|Any CPU
		{2F464E74-FF85-4E47-A0BF-FD1B4B25A3FE}.Release|ARM.Build.0 = Release|Any CPU
		{2F464E74-FF85-4E47-A0BF-FD1B4B25A3FE}.Release|ARM.Deploy.0 = Release|Any CPU
		{2F464E74-FF85-4E47-A0BF-FD1B4B25A3FE}.Release|iPhone.ActiveCfg = Release|Any CPU
		{2F464E74-FF85-4E47-A0BF-FD1B4B25A3FE}.Release|iPhone.Build.0 = Release|Any CPU
		{2F464E74-FF85-4E47-A0BF-FD1B4B25A3FE}.Release|iPhone.Deploy.0 = Release|Any CPU
		{2F464E74-FF85-4E47-A0BF-FD1B4B25A3FE}.Release|iPhoneSimulator.ActiveCfg = Release|Any CPU
		{2F464E74-FF85-4E47-A0BF-FD1B4B25A3FE}.Release|iPhoneSimulator.Build.0 = Release|Any CPU
		{2F464E74-FF85-4E47-A0BF-FD1B4B25A3FE}.Release|iPhoneSimulator.Deploy.0 = Release|Any CPU
		{2F464E74-FF85-4E47-A0BF-FD1B4B25A3FE}.Release|x64.ActiveCfg = Release|Any CPU
		{2F464E74-FF85-4E47-A0BF-FD1B4B25A3FE}.Release|x64.Build.0 = Release|Any CPU
		{2F464E74-FF85-4E47-A0BF-FD1B4B25A3FE}.Release|x64.Deploy.0 = Release|Any CPU
		{2F464E74-FF85-4E47-A0BF-FD1B4B25A3FE}.Release|x86.ActiveCfg = Release|Any CPU
		{2F464E74-FF85-4E47-A0BF-FD1B4B25A3FE}.Release|x86.Build.0 = Release|Any CPU
		{2F464E74-FF85-4E47-A0BF-FD1B4B25A3FE}.Release|x86.Deploy.0 = Release|Any CPU
		{8E38F330-4CA2-4C8D-AD60-A30F2A3EC9D8}.Debug|Any CPU.ActiveCfg = Debug|iPhone
		{8E38F330-4CA2-4C8D-AD60-A30F2A3EC9D8}.Debug|ARM.ActiveCfg = Debug|iPhone
		{8E38F330-4CA2-4C8D-AD60-A30F2A3EC9D8}.Debug|iPhone.ActiveCfg = Debug|iPhone
		{8E38F330-4CA2-4C8D-AD60-A30F2A3EC9D8}.Debug|iPhone.Build.0 = Debug|iPhone
		{8E38F330-4CA2-4C8D-AD60-A30F2A3EC9D8}.Debug|iPhoneSimulator.ActiveCfg = Debug|iPhoneSimulator
		{8E38F330-4CA2-4C8D-AD60-A30F2A3EC9D8}.Debug|iPhoneSimulator.Build.0 = Debug|iPhoneSimulator
		{8E38F330-4CA2-4C8D-AD60-A30F2A3EC9D8}.Debug|x64.ActiveCfg = Debug|iPhone
		{8E38F330-4CA2-4C8D-AD60-A30F2A3EC9D8}.Debug|x86.ActiveCfg = Debug|iPhone
		{8E38F330-4CA2-4C8D-AD60-A30F2A3EC9D8}.Release|Any CPU.ActiveCfg = Release|iPhone
		{8E38F330-4CA2-4C8D-AD60-A30F2A3EC9D8}.Release|ARM.ActiveCfg = Release|iPhone
		{8E38F330-4CA2-4C8D-AD60-A30F2A3EC9D8}.Release|iPhone.ActiveCfg = Release|iPhone
		{8E38F330-4CA2-4C8D-AD60-A30F2A3EC9D8}.Release|iPhone.Build.0 = Release|iPhone
		{8E38F330-4CA2-4C8D-AD60-A30F2A3EC9D8}.Release|iPhoneSimulator.ActiveCfg = Release|iPhoneSimulator
		{8E38F330-4CA2-4C8D-AD60-A30F2A3EC9D8}.Release|iPhoneSimulator.Build.0 = Release|iPhoneSimulator
		{8E38F330-4CA2-4C8D-AD60-A30F2A3EC9D8}.Release|x64.ActiveCfg = Release|iPhone
		{8E38F330-4CA2-4C8D-AD60-A30F2A3EC9D8}.Release|x86.ActiveCfg = Release|iPhone
		{5AA98ED0-A6FE-4771-82B9-A49FAEC240E5}.Debug|Any CPU.ActiveCfg = Debug|Any CPU
		{5AA98ED0-A6FE-4771-82B9-A49FAEC240E5}.Debug|Any CPU.Build.0 = Debug|Any CPU
		{5AA98ED0-A6FE-4771-82B9-A49FAEC240E5}.Debug|ARM.ActiveCfg = Debug|Any CPU
		{5AA98ED0-A6FE-4771-82B9-A49FAEC240E5}.Debug|ARM.Build.0 = Debug|Any CPU
		{5AA98ED0-A6FE-4771-82B9-A49FAEC240E5}.Debug|iPhone.ActiveCfg = Debug|Any CPU
		{5AA98ED0-A6FE-4771-82B9-A49FAEC240E5}.Debug|iPhone.Build.0 = Debug|Any CPU
		{5AA98ED0-A6FE-4771-82B9-A49FAEC240E5}.Debug|iPhoneSimulator.ActiveCfg = Debug|Any CPU
		{5AA98ED0-A6FE-4771-82B9-A49FAEC240E5}.Debug|iPhoneSimulator.Build.0 = Debug|Any CPU
		{5AA98ED0-A6FE-4771-82B9-A49FAEC240E5}.Debug|x64.ActiveCfg = Debug|Any CPU
		{5AA98ED0-A6FE-4771-82B9-A49FAEC240E5}.Debug|x64.Build.0 = Debug|Any CPU
		{5AA98ED0-A6FE-4771-82B9-A49FAEC240E5}.Debug|x86.ActiveCfg = Debug|Any CPU
		{5AA98ED0-A6FE-4771-82B9-A49FAEC240E5}.Debug|x86.Build.0 = Debug|Any CPU
		{5AA98ED0-A6FE-4771-82B9-A49FAEC240E5}.Release|Any CPU.ActiveCfg = Release|Any CPU
		{5AA98ED0-A6FE-4771-82B9-A49FAEC240E5}.Release|Any CPU.Build.0 = Release|Any CPU
		{5AA98ED0-A6FE-4771-82B9-A49FAEC240E5}.Release|ARM.ActiveCfg = Release|Any CPU
		{5AA98ED0-A6FE-4771-82B9-A49FAEC240E5}.Release|ARM.Build.0 = Release|Any CPU
		{5AA98ED0-A6FE-4771-82B9-A49FAEC240E5}.Release|iPhone.ActiveCfg = Release|Any CPU
		{5AA98ED0-A6FE-4771-82B9-A49FAEC240E5}.Release|iPhone.Build.0 = Release|Any CPU
		{5AA98ED0-A6FE-4771-82B9-A49FAEC240E5}.Release|iPhoneSimulator.ActiveCfg = Release|Any CPU
		{5AA98ED0-A6FE-4771-82B9-A49FAEC240E5}.Release|iPhoneSimulator.Build.0 = Release|Any CPU
		{5AA98ED0-A6FE-4771-82B9-A49FAEC240E5}.Release|x64.ActiveCfg = Release|Any CPU
		{5AA98ED0-A6FE-4771-82B9-A49FAEC240E5}.Release|x64.Build.0 = Release|Any CPU
		{5AA98ED0-A6FE-4771-82B9-A49FAEC240E5}.Release|x86.ActiveCfg = Release|Any CPU
		{5AA98ED0-A6FE-4771-82B9-A49FAEC240E5}.Release|x86.Build.0 = Release|Any CPU
	EndGlobalSection
	GlobalSection(SolutionProperties) = preSolution
		HideSolutionNode = FALSE
	EndGlobalSection
	GlobalSection(NestedProjects) = preSolution
		{7AA1B672-5A8C-4B56-BA42-735394FDE214} = {90BBE640-8BAA-450A-9E38-991488F34D28}
		{C0A4C377-3C13-4285-AE62-6C187A5699A6} = {90BBE640-8BAA-450A-9E38-991488F34D28}
		{D3D19BD7-954A-4390-BC77-5D7B96328C41} = {C0A4C377-3C13-4285-AE62-6C187A5699A6}
		{2F464E74-FF85-4E47-A0BF-FD1B4B25A3FE} = {C0A4C377-3C13-4285-AE62-6C187A5699A6}
		{8E38F330-4CA2-4C8D-AD60-A30F2A3EC9D8} = {C0A4C377-3C13-4285-AE62-6C187A5699A6}
		{5AA98ED0-A6FE-4771-82B9-A49FAEC240E5} = {C0A4C377-3C13-4285-AE62-6C187A5699A6}
	EndGlobalSection
	GlobalSection(ExtensibilityGlobals) = postSolution
		SolutionGuid = {0E8D127B-3AA2-4525-B5C9-884B3B4E03B8}
	EndGlobalSection
EndGlobal
